// !$*UTF8*$!
{
	archiveVersion = 1;
	classes = {
	};
	objectVersion = 50;
	objects = {

/* Begin PBXBuildFile section */
		844C857625C6FC0800A3E0E3 /* NetworkManager.swift in Sources */ = {isa = PBXBuildFile; fileRef = 844C857525C6FC0800A3E0E3 /* NetworkManager.swift */; };
		845D7F3225C44D2F005DEA0B /* AppDelegate.swift in Sources */ = {isa = PBXBuildFile; fileRef = 845D7F3125C44D2F005DEA0B /* AppDelegate.swift */; };
		845D7F3425C44D2F005DEA0B /* SceneDelegate.swift in Sources */ = {isa = PBXBuildFile; fileRef = 845D7F3325C44D2F005DEA0B /* SceneDelegate.swift */; };
		845D7F3925C44D2F005DEA0B /* Main.storyboard in Resources */ = {isa = PBXBuildFile; fileRef = 845D7F3725C44D2F005DEA0B /* Main.storyboard */; };
		845D7F3B25C44D33005DEA0B /* Assets.xcassets in Resources */ = {isa = PBXBuildFile; fileRef = 845D7F3A25C44D33005DEA0B /* Assets.xcassets */; };
		845D7F3E25C44D33005DEA0B /* LaunchScreen.storyboard in Resources */ = {isa = PBXBuildFile; fileRef = 845D7F3C25C44D33005DEA0B /* LaunchScreen.storyboard */; };
		845D7F4C25C44FE7005DEA0B /* PryanikyModel.swift in Sources */ = {isa = PBXBuildFile; fileRef = 845D7F4B25C44FE7005DEA0B /* PryanikyModel.swift */; };
		845D7F4E25C450A4005DEA0B /* PryanikyData.swift in Sources */ = {isa = PBXBuildFile; fileRef = 845D7F4D25C450A4005DEA0B /* PryanikyData.swift */; };
		845D7F5025C45277005DEA0B /* ViewController.swift in Sources */ = {isa = PBXBuildFile; fileRef = 845D7F3525C44D2F005DEA0B /* ViewController.swift */; };
/* End PBXBuildFile section */

/* Begin PBXFileReference section */
		844C857525C6FC0800A3E0E3 /* NetworkManager.swift */ = {isa = PBXFileReference; lastKnownFileType = sourcecode.swift; path = NetworkManager.swift; sourceTree = "<group>"; };
		845D7F2E25C44D2F005DEA0B /* Pryaniky_Test.app */ = {isa = PBXFileReference; explicitFileType = wrapper.application; includeInIndex = 0; path = Pryaniky_Test.app; sourceTree = BUILT_PRODUCTS_DIR; };
		845D7F3125C44D2F005DEA0B /* AppDelegate.swift */ = {isa = PBXFileReference; lastKnownFileType = sourcecode.swift; path = AppDelegate.swift; sourceTree = "<group>"; };
		845D7F3325C44D2F005DEA0B /* SceneDelegate.swift */ = {isa = PBXFileReference; lastKnownFileType = sourcecode.swift; path = SceneDelegate.swift; sourceTree = "<group>"; };
		845D7F3525C44D2F005DEA0B /* ViewController.swift */ = {isa = PBXFileReference; lastKnownFileType = sourcecode.swift; path = ViewController.swift; sourceTree = "<group>"; };
		845D7F3825C44D2F005DEA0B /* Base */ = {isa = PBXFileReference; lastKnownFileType = file.storyboard; name = Base; path = Base.lproj/Main.storyboard; sourceTree = "<group>"; };
		845D7F3A25C44D33005DEA0B /* Assets.xcassets */ = {isa = PBXFileReference; lastKnownFileType = folder.assetcatalog; path = Assets.xcassets; sourceTree = "<group>"; };
		845D7F3D25C44D33005DEA0B /* Base */ = {isa = PBXFileReference; lastKnownFileType = file.storyboard; name = Base; path = Base.lproj/LaunchScreen.storyboard; sourceTree = "<group>"; };
		845D7F3F25C44D33005DEA0B /* Info.plist */ = {isa = PBXFileReference; lastKnownFileType = text.plist.xml; path = Info.plist; sourceTree = "<group>"; };
		845D7F4B25C44FE7005DEA0B /* PryanikyModel.swift */ = {isa = PBXFileReference; lastKnownFileType = sourcecode.swift; path = PryanikyModel.swift; sourceTree = "<group>"; };
		845D7F4D25C450A4005DEA0B /* PryanikyData.swift */ = {isa = PBXFileReference; lastKnownFileType = sourcecode.swift; path = PryanikyData.swift; sourceTree = "<group>"; };
/* End PBXFileReference section */

/* Begin PBXFrameworksBuildPhase section */
		845D7F2B25C44D2F005DEA0B /* Frameworks */ = {
			isa = PBXFrameworksBuildPhase;
			buildActionMask = 2147483647;
			files = (
			);
			runOnlyForDeploymentPostprocessing = 0;
		};
/* End PBXFrameworksBuildPhase section */

/* Begin PBXGroup section */
		845D7F2525C44D2F005DEA0B = {
			isa = PBXGroup;
			children = (
				845D7F3025C44D2F005DEA0B /* Pryaniky_Test */,
				845D7F2F25C44D2F005DEA0B /* Products */,
			);
			sourceTree = "<group>";
		};
		845D7F2F25C44D2F005DEA0B /* Products */ = {
			isa = PBXGroup;
			children = (
				845D7F2E25C44D2F005DEA0B /* Pryaniky_Test.app */,
			);
			name = Products;
			sourceTree = "<group>";
		};
		845D7F3025C44D2F005DEA0B /* Pryaniky_Test */ = {
			isa = PBXGroup;
			children = (
				845D7F4825C44F21005DEA0B /* Networking */,
				845D7F4725C44EF5005DEA0B /* Model */,
				845D7F4625C44EF0005DEA0B /* View */,
				845D7F4525C44EE7005DEA0B /* Controller */,
				845D7F3125C44D2F005DEA0B /* AppDelegate.swift */,
				845D7F3325C44D2F005DEA0B /* SceneDelegate.swift */,
				845D7F3A25C44D33005DEA0B /* Assets.xcassets */,
				845D7F3F25C44D33005DEA0B /* Info.plist */,
			);
			path = Pryaniky_Test;
			sourceTree = "<group>";
		};
		845D7F4525C44EE7005DEA0B /* Controller */ = {
			isa = PBXGroup;
			children = (
				845D7F3525C44D2F005DEA0B /* ViewController.swift */,
			);
			path = Controller;
			sourceTree = "<group>";
		};
		845D7F4625C44EF0005DEA0B /* View */ = {
			isa = PBXGroup;
			children = (
				845D7F3725C44D2F005DEA0B /* Main.storyboard */,
				845D7F3C25C44D33005DEA0B /* LaunchScreen.storyboard */,
			);
			path = View;
			sourceTree = "<group>";
		};
		845D7F4725C44EF5005DEA0B /* Model */ = {
			isa = PBXGroup;
			children = (
				845D7F4B25C44FE7005DEA0B /* PryanikyModel.swift */,
				845D7F4D25C450A4005DEA0B /* PryanikyData.swift */,
			);
			path = Model;
			sourceTree = "<group>";
		};
		845D7F4825C44F21005DEA0B /* Networking */ = {
			isa = PBXGroup;
			children = (
				844C857525C6FC0800A3E0E3 /* NetworkManager.swift */,
			);
			path = Networking;
			sourceTree = "<group>";
		};
/* End PBXGroup section */

/* Begin PBXNativeTarget section */
		845D7F2D25C44D2F005DEA0B /* Pryaniky_Test */ = {
			isa = PBXNativeTarget;
			buildConfigurationList = 845D7F4225C44D33005DEA0B /* Build configuration list for PBXNativeTarget "Pryaniky_Test" */;
			buildPhases = (
				845D7F2A25C44D2F005DEA0B /* Sources */,
				845D7F2B25C44D2F005DEA0B /* Frameworks */,
				845D7F2C25C44D2F005DEA0B /* Resources */,
			);
			buildRules = (
			);
			dependencies = (
			);
			name = Pryaniky_Test;
			productName = Pryaniky_Test;
			productReference = 845D7F2E25C44D2F005DEA0B /* Pryaniky_Test.app */;
			productType = "com.apple.product-type.application";
		};
/* End PBXNativeTarget section */

/* Begin PBXProject section */
		845D7F2625C44D2F005DEA0B /* Project object */ = {
			isa = PBXProject;
			attributes = {
				LastSwiftUpdateCheck = 1150;
				LastUpgradeCheck = 1150;
				ORGANIZATIONNAME = DmitryChaschin;
				TargetAttributes = {
					845D7F2D25C44D2F005DEA0B = {
						CreatedOnToolsVersion = 11.5;
					};
				};
			};
			buildConfigurationList = 845D7F2925C44D2F005DEA0B /* Build configuration list for PBXProject "Pryaniky_Test" */;
			compatibilityVersion = "Xcode 9.3";
			developmentRegion = en;
			hasScannedForEncodings = 0;
			knownRegions = (
				en,
				Base,
			);
			mainGroup = 845D7F2525C44D2F005DEA0B;
			productRefGroup = 845D7F2F25C44D2F005DEA0B /* Products */;
			projectDirPath = "";
			projectRoot = "";
			targets = (
				845D7F2D25C44D2F005DEA0B /* Pryaniky_Test */,
			);
		};
/* End PBXProject section */

/* Begin PBXResourcesBuildPhase section */
		845D7F2C25C44D2F005DEA0B /* Resources */ = {
			isa = PBXResourcesBuildPhase;
			buildActionMask = 2147483647;
			files = (
				845D7F3E25C44D33005DEA0B /* LaunchScreen.storyboard in Resources */,
				845D7F3B25C44D33005DEA0B /* Assets.xcassets in Resources */,
				845D7F3925C44D2F005DEA0B /* Main.storyboard in Resources */,
			);
			runOnlyForDeploymentPostprocessing = 0;
		};
/* End PBXResourcesBuildPhase section */

/* Begin PBXSourcesBuildPhase section */
		845D7F2A25C44D2F005DEA0B /* Sources */ = {
			isa = PBXSourcesBuildPhase;
			buildActionMask = 2147483647;
			files = (
				844C857625C6FC0800A3E0E3 /* NetworkManager.swift in Sources */,
				845D7F5025C45277005DEA0B /* ViewController.swift in Sources */,
				845D7F4C25C44FE7005DEA0B /* PryanikyModel.swift in Sources */,
				845D7F4E25C450A4005DEA0B /* PryanikyData.swift in Sources */,
				845D7F3225C44D2F005DEA0B /* AppDelegate.swift in Sources */,
				845D7F3425C44D2F005DEA0B /* SceneDelegate.swift in Sources */,
			);
			runOnlyForDeploymentPostprocessing = 0;
		};
/* End PBXSourcesBuildPhase section */

/* Begin PBXVariantGroup section */
		845D7F3725C44D2F005DEA0B /* Main.storyboard */ = {
			isa = PBXVariantGroup;
			children = (
				845D7F3825C44D2F005DEA0B /* Base */,
			);
			name = Main.storyboard;
			sourceTree = "<group>";
		};
		845D7F3C25C44D33005DEA0B /* LaunchScreen.storyboard */ = {
			isa = PBXVariantGroup;
			children = (
				845D7F3D25C44D33005DEA0B /* Base */,
			);
			name = LaunchScreen.storyboard;
			sourceTree = "<group>";
		};
/* End PBXVariantGroup section */

/* Begin XCBuildConfiguration section */
		845D7F4025C44D33005DEA0B /* Debug */ = {
			isa = XCBuildConfiguration;
			buildSettings = {
				ALWAYS_SEARCH_USER_PATHS = NO;
				CLANG_ANALYZER_NONNULL = YES;
				CLANG_ANALYZER_NUMBER_OBJECT_CONVERSION = YES_AGGRESSIVE;
				CLANG_CXX_LANGUAGE_STANDARD = "gnu++14";
				CLANG_CXX_LIBRARY = "libc++";
				CLANG_ENABLE_MODULES = YES;
				CLANG_ENABLE_OBJC_ARC = YES;
				CLANG_ENABLE_OBJC_WEAK = YES;
				CLANG_WARN_BLOCK_CAPTURE_AUTORELEASING = YES;
				CLANG_WARN_BOOL_CONVERSION = YES;
				CLANG_WARN_COMMA = YES;
				CLANG_WARN_CONSTANT_CONVERSION = YES;
				CLANG_WARN_DEPRECATED_OBJC_IMPLEMENTATIONS = YES;
				CLANG_WARN_DIRECT_OBJC_ISA_USAGE = YES_ERROR;
				CLANG_WARN_DOCUMENTATION_COMMENTS = YES;
				CLANG_WARN_EMPTY_BODY = YES;
				CLANG_WARN_ENUM_CONVERSION = YES;
				CLANG_WARN_INFINITE_RECURSION = YES;
				CLANG_WARN_INT_CONVERSION = YES;
				CLANG_WARN_NON_LITERAL_NULL_CONVERSION = YES;
				CLANG_WARN_OBJC_IMPLICIT_RETAIN_SELF = YES;
				CLANG_WARN_OBJC_LITERAL_CONVERSION = YES;
				CLANG_WARN_OBJC_ROOT_CLASS = YES_ERROR;
				CLANG_WARN_RANGE_LOOP_ANALYSIS = YES;
				CLANG_WARN_STRICT_PROTOTYPES = YES;
				CLANG_WARN_SUSPICIOUS_MOVE = YES;
				CLANG_WARN_UNGUARDED_AVAILABILITY = YES_AGGRESSIVE;
				CLANG_WARN_UNREACHABLE_CODE = YES;
				CLANG_WARN__DUPLICATE_METHOD_MATCH = YES;
				COPY_PHASE_STRIP = NO;
				DEBUG_INFORMATION_FORMAT = dwarf;
				ENABLE_STRICT_OBJC_MSGSEND = YES;
				ENABLE_TESTABILITY = YES;
				GCC_C_LANGUAGE_STANDARD = gnu11;
				GCC_DYNAMIC_NO_PIC = NO;
				GCC_NO_COMMON_BLOCKS = YES;
				GCC_OPTIMIZATION_LEVEL = 0;
				GCC_PREPROCESSOR_DEFINITIONS = (
					"DEBUG=1",
					"$(inherited)",
				);
				GCC_WARN_64_TO_32_BIT_CONVERSION = YES;
				GCC_WARN_ABOUT_RETURN_TYPE = YES_ERROR;
				GCC_WARN_UNDECLARED_SELECTOR = YES;
				GCC_WARN_UNINITIALIZED_AUTOS = YES_AGGRESSIVE;
				GCC_WARN_UNUSED_FUNCTION = YES;
				GCC_WARN_UNUSED_VARIABLE = YES;
				IPHONEOS_DEPLOYMENT_TARGET = 13.5;
				MTL_ENABLE_DEBUG_INFO = INCLUDE_SOURCE;
				MTL_FAST_MATH = YES;
				ONLY_ACTIVE_ARCH = YES;
				SDKROOT = iphoneos;
				SWIFT_ACTIVE_COMPILATION_CONDITIONS = DEBUG;
				SWIFT_OPTIMIZATION_LEVEL = "-Onone";
			};
			name = Debug;
		};
		845D7F4125C44D33005DEA0B /* Release */ = {
			isa = XCBuildConfiguration;
			buildSettings = {
				ALWAYS_SEARCH_USER_PATHS = NO;
				CLANG_ANALYZER_NONNULL = YES;
				CLANG_ANALYZER_NUMBER_OBJECT_CONVERSION = YES_AGGRESSIVE;
				CLANG_CXX_LANGUAGE_STANDARD = "gnu++14";
				CLANG_CXX_LIBRARY = "libc++";
				CLANG_ENABLE_MODULES = YES;
				CLANG_ENABLE_OBJC_ARC = YES;
				CLANG_ENABLE_OBJC_WEAK = YES;
				CLANG_WARN_BLOCK_CAPTURE_AUTORELEASING = YES;
				CLANG_WARN_BOOL_CONVERSION = YES;
				CLANG_WARN_COMMA = YES;
				CLANG_WARN_CONSTANT_CONVERSION = YES;
				CLANG_WARN_DEPRECATED_OBJC_IMPLEMENTATIONS = YES;
				CLANG_WARN_DIRECT_OBJC_ISA_USAGE = YES_ERROR;
				CLANG_WARN_DOCUMENTATION_COMMENTS = YES;
				CLANG_WARN_EMPTY_BODY = YES;
				CLANG_WARN_ENUM_CONVERSION = YES;
				CLANG_WARN_INFINITE_RECURSION = YES;
				CLANG_WARN_INT_CONVERSION = YES;
				CLANG_WARN_NON_LITERAL_NULL_CONVERSION = YES;
				CLANG_WARN_OBJC_IMPLICIT_RETAIN_SELF = YES;
				CLANG_WARN_OBJC_LITERAL_CONVERSION = YES;
				CLANG_WARN_OBJC_ROOT_CLASS = YES_ERROR;
				CLANG_WARN_RANGE_LOOP_ANALYSIS = YES;
				CLANG_WARN_STRICT_PROTOTYPES = YES;
				CLANG_WARN_SUSPICIOUS_MOVE = YES;
				CLANG_WARN_UNGUARDED_AVAILABILITY = YES_AGGRESSIVE;
				CLANG_WARN_UNREACHABLE_CODE = YES;
				CLANG_WARN__DUPLICATE_METHOD_MATCH = YES;
				COPY_PHASE_STRIP = NO;
				DEBUG_INFORMATION_FORMAT = "dwarf-with-dsym";
				ENABLE_NS_ASSERTIONS = NO;
				ENABLE_STRICT_OBJC_MSGSEND = YES;
				GCC_C_LANGUAGE_STANDARD = gnu11;
				GCC_NO_COMMON_BLOCKS = YES;
				GCC_WARN_64_TO_32_BIT_CONVERSION = YES;
				GCC_WARN_ABOUT_RETURN_TYPE = YES_ERROR;
				GCC_WARN_UNDECLARED_SELECTOR = YES;
				GCC_WARN_UNINITIALIZED_AUTOS = YES_AGGRESSIVE;
				GCC_WARN_UNUSED_FUNCTION = YES;
				GCC_WARN_UNUSED_VARIABLE = YES;
				IPHONEOS_DEPLOYMENT_TARGET = 13.5;
				MTL_ENABLE_DEBUG_INFO = NO;
				MTL_FAST_MATH = YES;
				SDKROOT = iphoneos;
				SWIFT_COMPILATION_MODE = wholemodule;
				SWIFT_OPTIMIZATION_LEVEL = "-O";
				VALIDATE_PRODUCT = YES;
			};
			name = Release;
		};
		845D7F4325C44D33005DEA0B /* Debug */ = {
			isa = XCBuildConfiguration;
			buildSettings = {
				ASSETCATALOG_COMPILER_APPICON_NAME = AppIcon;
				CODE_SIGN_STYLE = Automatic;
				DEVELOPMENT_TEAM = K58XTWMH89;
				INFOPLIST_FILE = Pryaniky_Test/Info.plist;
				LD_RUNPATH_SEARCH_PATHS = (
					"$(inherited)",
					"@executable_path/Frameworks",
				);
				PRODUCT_BUNDLE_IDENTIFIER = "com.dmitry.chashin.Pryaniky-Test";
				PRODUCT_NAME = "$(TARGET_NAME)";
				SWIFT_VERSION = 5.0;
				TARGETED_DEVICE_FAMILY = 1;
			};
			name = Debug;
		};
		845D7F4425C44D33005DEA0B /* Release */ = {
			isa = XCBuildConfiguration;
			buildSettings = {
				ASSETCATALOG_COMPILER_APPICON_NAME = AppIcon;
				CODE_SIGN_STYLE = Automatic;
				DEVELOPMENT_TEAM = K58XTWMH89;
				INFOPLIST_FILE = Pryaniky_Test/Info.plist;
				LD_RUNPATH_SEARCH_PATHS = (
					"$(inherited)",
					"@executable_path/Frameworks",
				);
				PRODUCT_BUNDLE_IDENTIFIER = "com.dmitry.chashin.Pryaniky-Test";
				PRODUCT_NAME = "$(TARGET_NAME)";
				SWIFT_VERSION = 5.0;
				TARGETED_DEVICE_FAMILY = 1;
			};
			name = Release;
		};
/* End XCBuildConfiguration section */

/* Begin XCConfigurationList section */
		845D7F2925C44D2F005DEA0B /* Build configuration list for PBXProject "Pryaniky_Test" */ = {
			isa = XCConfigurationList;
			buildConfigurations = (
				845D7F4025C44D33005DEA0B /* Debug */,
				845D7F4125C44D33005DEA0B /* Release */,
			);
			defaultConfigurationIsVisible = 0;
			defaultConfigurationName = Release;
		};
		845D7F4225C44D33005DEA0B /* Build configuration list for PBXNativeTarget "Pryaniky_Test" */ = {
			isa = XCConfigurationList;
			buildConfigurations = (
				845D7F4325C44D33005DEA0B /* Debug */,
				845D7F4425C44D33005DEA0B /* Release */,
			);
			defaultConfigurationIsVisible = 0;
			defaultConfigurationName = Release;
		};
/* End XCConfigurationList section */
	};
	rootObject = 845D7F2625C44D2F005DEA0B /* Project object */;
}
